PODS:
  - AdMopubSDK (1.2.0)
  - FBSnapshotTestCase (2.1.4):
    - FBSnapshotTestCase/SwiftSupport (= 2.1.4)
  - FBSnapshotTestCase/Core (2.1.4)
  - FBSnapshotTestCase/SwiftSupport (2.1.4):
    - FBSnapshotTestCase/Core

DEPENDENCIES:
  - AdMopubSDK (from `../`)
  - FBSnapshotTestCase

SPEC REPOS:
  https://github.com/cocoapods/specs.git:
    - FBSnapshotTestCase

EXTERNAL SOURCES:
  AdMopubSDK:
    :path: "../"

SPEC CHECKSUMS:
  AdMopubSDK: ffacbcf8f608abf23551e62274e8e1beffd86c7a
  FBSnapshotTestCase: 094f9f314decbabe373b87cc339bea235a63e07a

PODFILE CHECKSUM: c9c8b5f5b0caf2679b14db99ef2c36089022e83a

COCOAPODS: 1.7.4
